
Microsoft Visual Studio Solution File, Format Version 12.00
# Visual Studio Version 17
VisualStudioVersion = 17.6.33723.286
MinimumVisualStudioVersion = 10.0.40219.1
Project("{FAE04EC0-301F-11D3-BF4B-00C04F79EFBC}") = "Products", "Products\Products.csproj", "{AAC9F290-D2A3-4360-87B0-84DE68481C89}"
EndProject
Global
	GlobalSection(SolutionConfigurationPlatforms) = preSolution
		Debug|Any CPU = Debug|Any CPU
		Release|Any CPU = Release|Any CPU
	EndGlobalSection
	GlobalSection(ProjectConfigurationPlatforms) = postSolution
		{AAC9F290-D2A3-4360-87B0-84DE68481C89}.Debug|Any CPU.ActiveCfg = Debug|Any CPU
		{AAC9F290-D2A3-4360-87B0-84DE68481C89}.Debug|Any CPU.Build.0 = Debug|Any CPU
		{AAC9F290-D2A3-4360-87B0-84DE68481C89}.Release|Any CPU.ActiveCfg = Release|Any CPU
		{AAC9F290-D2A3-4360-87B0-84DE68481C89}.Release|Any CPU.Build.0 = Release|Any CPU
	EndGlobalSection
	GlobalSection(SolutionProperties) = preSolution
		HideSolutionNode = FALSE
	EndGlobalSection
	GlobalSection(ExtensibilityGlobals) = postSolution
		SolutionGuid = {CB518706-8D06-49B7-921B-DE88983A2A93}
	EndGlobalSection
EndGlobal
